
Microsoft Visual Studio Solution File, Format Version 12.00
# Visual Studio Version 16
VisualStudioVersion = 16.0.33027.164
MinimumVisualStudioVersion = 10.0.40219.1
Project("{FAE04EC0-301F-11D3-BF4B-00C04F79EFBC}") = "HDRS", "HDRS.csproj", "{D35A8FF0-FF7F-4FD1-A910-A5DCBE244B65}"
EndProject
Global
	GlobalSection(SolutionConfigurationPlatforms) = preSolution
		Debug|Any CPU = Debug|Any CPU
		Release|Any CPU = Release|Any CPU
	EndGlobalSection
	GlobalSection(ProjectConfigurationPlatforms) = postSolution
		{D35A8FF0-FF7F-4FD1-A910-A5DCBE244B65}.Debug|Any CPU.ActiveCfg = Debug|Any CPU
		{D35A8FF0-FF7F-4FD1-A910-A5DCBE244B65}.Debug|Any CPU.Build.0 = Debug|Any CPU
		{D35A8FF0-FF7F-4FD1-A910-A5DCBE244B65}.Release|Any CPU.ActiveCfg = Release|Any CPU
		{D35A8FF0-FF7F-4FD1-A910-A5DCBE244B65}.Release|Any CPU.Build.0 = Release|Any CPU
	EndGlobalSection
	GlobalSection(SolutionProperties) = preSolution
		HideSolutionNode = FALSE
	EndGlobalSection
	GlobalSection(ExtensibilityGlobals) = postSolution
		SolutionGuid = {1F7202FE-5671-4C0A-8595-B3240E02B3C8}
	EndGlobalSection
EndGlobal
